
Microsoft Visual Studio Solution File, Format Version 12.00
# Visual Studio Version 16
VisualStudioVersion = 16.0.29709.97
MinimumVisualStudioVersion = 10.0.40219.1
Project("{FAE04EC0-301F-11D3-BF4B-00C04F79EFBC}") = "Cheshire.Plugins.Server.ProfanityFilter", "Cheshire.Plugins.Server.ProfanityFilter\Cheshire.Plugins.Server.ProfanityFilter.csproj", "{FBF08A31-D16D-40AB-8C07-381BA8DBE9A5}"
EndProject
Project("{FAE04EC0-301F-11D3-BF4B-00C04F79EFBC}") = "Cheshire.Plugins.Utilities", "Cheshire.Plugins.Utilities\Cheshire.Plugins.Utilities.csproj", "{4E422A31-3A12-4331-8D00-F9A2B9BA3A9F}"
EndProject
Project("{2150E333-8FDC-42A3-9474-1A3956D46DE8}") = "Server Plugins", "Server Plugins", "{1BC3A561-058A-4651-8605-F6BF97139C22}"
EndProject
Project("{2150E333-8FDC-42A3-9474-1A3956D46DE8}") = "Client Plugins", "Client Plugins", "{43FDD320-E5B3-4F48-A8E5-DF2011A00F09}"
EndProject
Project("{2150E333-8FDC-42A3-9474-1A3956D46DE8}") = "Utilities", "Utilities", "{0BAE7974-93CB-4DB0-9FCC-B6C2A4F1E2C5}"
EndProject
Project("{FAE04EC0-301F-11D3-BF4B-00C04F79EFBC}") = "Cheshire.Plugins.Client.WebButtons", "Cheshire.Plugins.Client.WebButtons\Cheshire.Plugins.Client.WebButtons.csproj", "{4208A6E4-D72C-4E8C-88EE-61F939777062}"
EndProject
Global
	GlobalSection(SolutionConfigurationPlatforms) = preSolution
		Debug|Any CPU = Debug|Any CPU
		Debug|x86 = Debug|x86
		Diagnostic|Any CPU = Diagnostic|Any CPU
		Diagnostic|x86 = Diagnostic|x86
		NoFody|Any CPU = NoFody|Any CPU
		NoFody|x86 = NoFody|x86
		Release|Any CPU = Release|Any CPU
		Release|x86 = Release|x86
		Tespia|Any CPU = Tespia|Any CPU
		Tespia|x86 = Tespia|x86
	EndGlobalSection
	GlobalSection(ProjectConfigurationPlatforms) = postSolution
		{FBF08A31-D16D-40AB-8C07-381BA8DBE9A5}.Debug|Any CPU.ActiveCfg = Debug|Any CPU
		{FBF08A31-D16D-40AB-8C07-381BA8DBE9A5}.Debug|Any CPU.Build.0 = Debug|Any CPU
		{FBF08A31-D16D-40AB-8C07-381BA8DBE9A5}.Debug|x86.ActiveCfg = Debug|Any CPU
		{FBF08A31-D16D-40AB-8C07-381BA8DBE9A5}.Debug|x86.Build.0 = Debug|Any CPU
		{FBF08A31-D16D-40AB-8C07-381BA8DBE9A5}.Diagnostic|Any CPU.ActiveCfg = Debug|Any CPU
		{FBF08A31-D16D-40AB-8C07-381BA8DBE9A5}.Diagnostic|Any CPU.Build.0 = Debug|Any CPU
		{FBF08A31-D16D-40AB-8C07-381BA8DBE9A5}.Diagnostic|x86.ActiveCfg = Debug|Any CPU
		{FBF08A31-D16D-40AB-8C07-381BA8DBE9A5}.Diagnostic|x86.Build.0 = Debug|Any CPU
		{FBF08A31-D16D-40AB-8C07-381BA8DBE9A5}.NoFody|Any CPU.ActiveCfg = Debug|Any CPU
		{FBF08A31-D16D-40AB-8C07-381BA8DBE9A5}.NoFody|Any CPU.Build.0 = Debug|Any CPU
		{FBF08A31-D16D-40AB-8C07-381BA8DBE9A5}.NoFody|x86.ActiveCfg = Debug|Any CPU
		{FBF08A31-D16D-40AB-8C07-381BA8DBE9A5}.NoFody|x86.Build.0 = Debug|Any CPU
		{FBF08A31-D16D-40AB-8C07-381BA8DBE9A5}.Release|Any CPU.ActiveCfg = Release|Any CPU
		{FBF08A31-D16D-40AB-8C07-381BA8DBE9A5}.Release|Any CPU.Build.0 = Release|Any CPU
		{FBF08A31-D16D-40AB-8C07-381BA8DBE9A5}.Release|x86.ActiveCfg = Release|Any CPU
		{FBF08A31-D16D-40AB-8C07-381BA8DBE9A5}.Release|x86.Build.0 = Release|Any CPU
		{FBF08A31-D16D-40AB-8C07-381BA8DBE9A5}.Tespia|Any CPU.ActiveCfg = Debug|Any CPU
		{FBF08A31-D16D-40AB-8C07-381BA8DBE9A5}.Tespia|Any CPU.Build.0 = Debug|Any CPU
		{FBF08A31-D16D-40AB-8C07-381BA8DBE9A5}.Tespia|x86.ActiveCfg = Debug|Any CPU
		{FBF08A31-D16D-40AB-8C07-381BA8DBE9A5}.Tespia|x86.Build.0 = Debug|Any CPU
		{4E422A31-3A12-4331-8D00-F9A2B9BA3A9F}.Debug|Any CPU.ActiveCfg = Debug|Any CPU
		{4E422A31-3A12-4331-8D00-F9A2B9BA3A9F}.Debug|Any CPU.Build.0 = Debug|Any CPU
		{4E422A31-3A12-4331-8D00-F9A2B9BA3A9F}.Debug|x86.ActiveCfg = Debug|Any CPU
		{4E422A31-3A12-4331-8D00-F9A2B9BA3A9F}.Debug|x86.Build.0 = Debug|Any CPU
		{4E422A31-3A12-4331-8D00-F9A2B9BA3A9F}.Diagnostic|Any CPU.ActiveCfg = Debug|Any CPU
		{4E422A31-3A12-4331-8D00-F9A2B9BA3A9F}.Diagnostic|Any CPU.Build.0 = Debug|Any CPU
		{4E422A31-3A12-4331-8D00-F9A2B9BA3A9F}.Diagnostic|x86.ActiveCfg = Debug|Any CPU
		{4E422A31-3A12-4331-8D00-F9A2B9BA3A9F}.Diagnostic|x86.Build.0 = Debug|Any CPU
		{4E422A31-3A12-4331-8D00-F9A2B9BA3A9F}.NoFody|Any CPU.ActiveCfg = Debug|Any CPU
		{4E422A31-3A12-4331-8D00-F9A2B9BA3A9F}.NoFody|Any CPU.Build.0 = Debug|Any CPU
		{4E422A31-3A12-4331-8D00-F9A2B9BA3A9F}.NoFody|x86.ActiveCfg = Debug|Any CPU
		{4E422A31-3A12-4331-8D00-F9A2B9BA3A9F}.NoFody|x86.Build.0 = Debug|Any CPU
		{4E422A31-3A12-4331-8D00-F9A2B9BA3A9F}.Release|Any CPU.ActiveCfg = Release|Any CPU
		{4E422A31-3A12-4331-8D00-F9A2B9BA3A9F}.Release|Any CPU.Build.0 = Release|Any CPU
		{4E422A31-3A12-4331-8D00-F9A2B9BA3A9F}.Release|x86.ActiveCfg = Release|Any CPU
		{4E422A31-3A12-4331-8D00-F9A2B9BA3A9F}.Release|x86.Build.0 = Release|Any CPU
		{4E422A31-3A12-4331-8D00-F9A2B9BA3A9F}.Tespia|Any CPU.ActiveCfg = Debug|Any CPU
		{4E422A31-3A12-4331-8D00-F9A2B9BA3A9F}.Tespia|Any CPU.Build.0 = Debug|Any CPU
		{4E422A31-3A12-4331-8D00-F9A2B9BA3A9F}.Tespia|x86.ActiveCfg = Debug|Any CPU
		{4E422A31-3A12-4331-8D00-F9A2B9BA3A9F}.Tespia|x86.Build.0 = Debug|Any CPU
		{4208A6E4-D72C-4E8C-88EE-61F939777062}.Debug|Any CPU.ActiveCfg = Debug|Any CPU
		{4208A6E4-D72C-4E8C-88EE-61F939777062}.Debug|Any CPU.Build.0 = Debug|Any CPU
		{4208A6E4-D72C-4E8C-88EE-61F939777062}.Debug|x86.ActiveCfg = Debug|Any CPU
		{4208A6E4-D72C-4E8C-88EE-61F939777062}.Debug|x86.Build.0 = Debug|Any CPU
		{4208A6E4-D72C-4E8C-88EE-61F939777062}.Diagnostic|Any CPU.ActiveCfg = Debug|Any CPU
		{4208A6E4-D72C-4E8C-88EE-61F939777062}.Diagnostic|Any CPU.Build.0 = Debug|Any CPU
		{4208A6E4-D72C-4E8C-88EE-61F939777062}.Diagnostic|x86.ActiveCfg = Debug|Any CPU
		{4208A6E4-D72C-4E8C-88EE-61F939777062}.Diagnostic|x86.Build.0 = Debug|Any CPU
		{4208A6E4-D72C-4E8C-88EE-61F939777062}.NoFody|Any CPU.ActiveCfg = Debug|Any CPU
		{4208A6E4-D72C-4E8C-88EE-61F939777062}.NoFody|Any CPU.Build.0 = Debug|Any CPU
		{4208A6E4-D72C-4E8C-88EE-61F939777062}.NoFody|x86.ActiveCfg = Debug|Any CPU
		{4208A6E4-D72C-4E8C-88EE-61F939777062}.NoFody|x86.Build.0 = Debug|Any CPU
		{4208A6E4-D72C-4E8C-88EE-61F939777062}.Release|Any CPU.ActiveCfg = Release|Any CPU
		{4208A6E4-D72C-4E8C-88EE-61F939777062}.Release|Any CPU.Build.0 = Release|Any CPU
		{4208A6E4-D72C-4E8C-88EE-61F939777062}.Release|x86.ActiveCfg = Release|Any CPU
		{4208A6E4-D72C-4E8C-88EE-61F939777062}.Release|x86.Build.0 = Release|Any CPU
		{4208A6E4-D72C-4E8C-88EE-61F939777062}.Tespia|Any CPU.ActiveCfg = Debug|Any CPU
		{4208A6E4-D72C-4E8C-88EE-61F939777062}.Tespia|Any CPU.Build.0 = Debug|Any CPU
		{4208A6E4-D72C-4E8C-88EE-61F939777062}.Tespia|x86.ActiveCfg = Debug|Any CPU
		{4208A6E4-D72C-4E8C-88EE-61F939777062}.Tespia|x86.Build.0 = Debug|Any CPU
	EndGlobalSection
	GlobalSection(SolutionProperties) = preSolution
		HideSolutionNode = FALSE
	EndGlobalSection
	GlobalSection(NestedProjects) = preSolution
		{FBF08A31-D16D-40AB-8C07-381BA8DBE9A5} = {1BC3A561-058A-4651-8605-F6BF97139C22}
		{4E422A31-3A12-4331-8D00-F9A2B9BA3A9F} = {0BAE7974-93CB-4DB0-9FCC-B6C2A4F1E2C5}
		{4208A6E4-D72C-4E8C-88EE-61F939777062} = {43FDD320-E5B3-4F48-A8E5-DF2011A00F09}
	EndGlobalSection
	GlobalSection(ExtensibilityGlobals) = postSolution
		SolutionGuid = {06095334-0BBD-4FDA-A230-272D08AFB221}
	EndGlobalSection
EndGlobal
